
Microsoft Visual Studio Solution File, Format Version 12.00
# Visual Studio Version 17
VisualStudioVersion = 17.9.34714.143
MinimumVisualStudioVersion = 10.0.40219.1
Project("{FAE04EC0-301F-11D3-BF4B-00C04F79EFBC}") = "AnyaProject", "AnyaProject.csproj", "{A41CA685-90EA-4B40-9E89-2D6898E5294B}"
EndProject
Global
	GlobalSection(SolutionConfigurationPlatforms) = preSolution
		Debug|Any CPU = Debug|Any CPU
		Release|Any CPU = Release|Any CPU
	EndGlobalSection
	GlobalSection(ProjectConfigurationPlatforms) = postSolution
		{A41CA685-90EA-4B40-9E89-2D6898E5294B}.Debug|Any CPU.ActiveCfg = Debug|Any CPU
		{A41CA685-90EA-4B40-9E89-2D6898E5294B}.Debug|Any CPU.Build.0 = Debug|Any CPU
		{A41CA685-90EA-4B40-9E89-2D6898E5294B}.Release|Any CPU.ActiveCfg = Release|Any CPU
		{A41CA685-90EA-4B40-9E89-2D6898E5294B}.Release|Any CPU.Build.0 = Release|Any CPU
	EndGlobalSection
	GlobalSection(SolutionProperties) = preSolution
		HideSolutionNode = FALSE
	EndGlobalSection
	GlobalSection(ExtensibilityGlobals) = postSolution
		SolutionGuid = {8BB25FFD-9982-49C3-9CC7-998CB19EB99A}
	EndGlobalSection
EndGlobal
